
Microsoft Visual Studio Solution File, Format Version 12.00
# Visual Studio Version 16
VisualStudioVersion = 16.0.29709.97
MinimumVisualStudioVersion = 10.0.40219.1
Project("{9A19103F-16F7-4668-BE54-9A1E7A4F7556}") = "TechTestMVCWebApp", "TechTestMVCWebApp\TechTestMVCWebApp.csproj", "{FE88204F-85D1-4347-B879-11E068109CF2}"
EndProject
Project("{FAE04EC0-301F-11D3-BF4B-00C04F79EFBC}") = "MVCWebAppTests", "MVCWebAppTests\MVCWebAppTests.csproj", "{8FE9CD5E-819D-405C-9B00-4971C5A85954}"
EndProject
Global
	GlobalSection(SolutionConfigurationPlatforms) = preSolution
		Debug|Any CPU = Debug|Any CPU
		Release|Any CPU = Release|Any CPU
	EndGlobalSection
	GlobalSection(ProjectConfigurationPlatforms) = postSolution
		{FE88204F-85D1-4347-B879-11E068109CF2}.Debug|Any CPU.ActiveCfg = Debug|Any CPU
		{FE88204F-85D1-4347-B879-11E068109CF2}.Debug|Any CPU.Build.0 = Debug|Any CPU
		{FE88204F-85D1-4347-B879-11E068109CF2}.Release|Any CPU.ActiveCfg = Release|Any CPU
		{FE88204F-85D1-4347-B879-11E068109CF2}.Release|Any CPU.Build.0 = Release|Any CPU
		{8FE9CD5E-819D-405C-9B00-4971C5A85954}.Debug|Any CPU.ActiveCfg = Debug|Any CPU
		{8FE9CD5E-819D-405C-9B00-4971C5A85954}.Debug|Any CPU.Build.0 = Debug|Any CPU
		{8FE9CD5E-819D-405C-9B00-4971C5A85954}.Release|Any CPU.ActiveCfg = Release|Any CPU
		{8FE9CD5E-819D-405C-9B00-4971C5A85954}.Release|Any CPU.Build.0 = Release|Any CPU
	EndGlobalSection
	GlobalSection(SolutionProperties) = preSolution
		HideSolutionNode = FALSE
	EndGlobalSection
	GlobalSection(ExtensibilityGlobals) = postSolution
		SolutionGuid = {D619625D-9E64-4D5C-9E02-CAC153D0E031}
	EndGlobalSection
EndGlobal
